// !$*UTF8*$!
{
	archiveVersion = 1;
	classes = {
	};
	objectVersion = 46;
	objects = {

/* Begin PBXBuildFile section */
		18C7E6661E2B5F4C00F41532 /* main.m in Sources */ = {isa = PBXBuildFile; fileRef = 18C7E6651E2B5F4C00F41532 /* main.m */; };
		18C7E6691E2B5F4C00F41532 /* AppDelegate.m in Sources */ = {isa = PBXBuildFile; fileRef = 18C7E6681E2B5F4C00F41532 /* AppDelegate.m */; };
		18C7E66C1E2B5F4C00F41532 /* ViewController.m in Sources */ = {isa = PBXBuildFile; fileRef = 18C7E66B1E2B5F4C00F41532 /* ViewController.m */; };
		18C7E66F1E2B5F4C00F41532 /* Main.storyboard in Resources */ = {isa = PBXBuildFile; fileRef = 18C7E66D1E2B5F4C00F41532 /* Main.storyboard */; };
		18C7E6711E2B5F4C00F41532 /* Assets.xcassets in Resources */ = {isa = PBXBuildFile; fileRef = 18C7E6701E2B5F4C00F41532 /* Assets.xcassets */; };
		18C7E6741E2B5F4C00F41532 /* LaunchScreen.storyboard in Resources */ = {isa = PBXBuildFile; fileRef = 18C7E6721E2B5F4C00F41532 /* LaunchScreen.storyboard */; };
		18C7E67F1E2B5F4C00F41532 /* textTests.m in Sources */ = {isa = PBXBuildFile; fileRef = 18C7E67E1E2B5F4C00F41532 /* textTests.m */; };
		18C7E68A1E2B5F4C00F41532 /* textUITests.m in Sources */ = {isa = PBXBuildFile; fileRef = 18C7E6891E2B5F4C00F41532 /* textUITests.m */; };
/* End PBXBuildFile section */

/* Begin PBXContainerItemProxy section */
		18C7E67B1E2B5F4C00F41532 /* PBXContainerItemProxy */ = {
			isa = PBXContainerItemProxy;
			containerPortal = 18C7E6591E2B5F4C00F41532 /* Project object */;
			proxyType = 1;
			remoteGlobalIDString = 18C7E6601E2B5F4C00F41532;
			remoteInfo = text;
		};
		18C7E6861E2B5F4C00F41532 /* PBXContainerItemProxy */ = {
			isa = PBXContainerItemProxy;
			containerPortal = 18C7E6591E2B5F4C00F41532 /* Project object */;
			proxyType = 1;
			remoteGlobalIDString = 18C7E6601E2B5F4C00F41532;
			remoteInfo = text;
		};
/* End PBXContainerItemProxy section */

/* Begin PBXFileReference section */
		18C7E6611E2B5F4C00F41532 /* text.app */ = {isa = PBXFileReference; explicitFileType = wrapper.application; includeInIndex = 0; path = text.app; sourceTree = BUILT_PRODUCTS_DIR; };
		18C7E6651E2B5F4C00F41532 /* main.m */ = {isa = PBXFileReference; lastKnownFileType = sourcecode.c.objc; path = main.m; sourceTree = "<group>"; };
		18C7E6671E2B5F4C00F41532 /* AppDelegate.h */ = {isa = PBXFileReference; lastKnownFileType = sourcecode.c.h; path = AppDelegate.h; sourceTree = "<group>"; };
		18C7E6681E2B5F4C00F41532 /* AppDelegate.m */ = {isa = PBXFileReference; lastKnownFileType = sourcecode.c.objc; path = AppDelegate.m; sourceTree = "<group>"; };
		18C7E66A1E2B5F4C00F41532 /* ViewController.h */ = {isa = PBXFileReference; lastKnownFileType = sourcecode.c.h; path = ViewController.h; sourceTree = "<group>"; };
		18C7E66B1E2B5F4C00F41532 /* ViewController.m */ = {isa = PBXFileReference; lastKnownFileType = sourcecode.c.objc; path = ViewController.m; sourceTree = "<group>"; };
		18C7E66E1E2B5F4C00F41532 /* Base */ = {isa = PBXFileReference; lastKnownFileType = file.storyboard; name = Base; path = Base.lproj/Main.storyboard; sourceTree = "<group>"; };
		18C7E6701E2B5F4C00F41532 /* Assets.xcassets */ = {isa = PBXFileReference; lastKnownFileType = folder.assetcatalog; path = Assets.xcassets; sourceTree = "<group>"; };
		18C7E6731E2B5F4C00F41532 /* Base */ = {isa = PBXFileReference; lastKnownFileType = file.storyboard; name = Base; path = Base.lproj/LaunchScreen.storyboard; sourceTree = "<group>"; };
		18C7E6751E2B5F4C00F41532 /* Info.plist */ = {isa = PBXFileReference; lastKnownFileType = text.plist.xml; path = Info.plist; sourceTree = "<group>"; };
		18C7E67A1E2B5F4C00F41532 /* textTests.xctest */ = {isa = PBXFileReference; explicitFileType = wrapper.cfbundle; includeInIndex = 0; path = textTests.xctest; sourceTree = BUILT_PRODUCTS_DIR; };
		18C7E67E1E2B5F4C00F41532 /* textTests.m */ = {isa = PBXFileReference; lastKnownFileType = sourcecode.c.objc; path = textTests.m; sourceTree = "<group>"; };
		18C7E6801E2B5F4C00F41532 /* Info.plist */ = {isa = PBXFileReference; lastKnownFileType = text.plist.xml; path = Info.plist; sourceTree = "<group>"; };
		18C7E6851E2B5F4C00F41532 /* textUITests.xctest */ = {isa = PBXFileReference; explicitFileType = wrapper.cfbundle; includeInIndex = 0; path = textUITests.xctest; sourceTree = BUILT_PRODUCTS_DIR; };
		18C7E6891E2B5F4C00F41532 /* textUITests.m */ = {isa = PBXFileReference; lastKnownFileType = sourcecode.c.objc; path = textUITests.m; sourceTree = "<group>"; };
		18C7E68B1E2B5F4C00F41532 /* Info.plist */ = {isa = PBXFileReference; lastKnownFileType = text.plist.xml; path = Info.plist; sourceTree = "<group>"; };
/* End PBXFileReference section */

/* Begin PBXFrameworksBuildPhase section */
		18C7E65E1E2B5F4C00F41532 /* Frameworks */ = {
			isa = PBXFrameworksBuildPhase;
			buildActionMask = 2147483647;
			files = (
			);
			runOnlyForDeploymentPostprocessing = 0;
		};
		18C7E6771E2B5F4C00F41532 /* Frameworks */ = {
			isa = PBXFrameworksBuildPhase;
			buildActionMask = 2147483647;
			files = (
			);
			runOnlyForDeploymentPostprocessing = 0;
		};
		18C7E6821E2B5F4C00F41532 /* Frameworks */ = {
			isa = PBXFrameworksBuildPhase;
			buildActionMask = 2147483647;
			files = (
			);
			runOnlyForDeploymentPostprocessing = 0;
		};
/* End PBXFrameworksBuildPhase section */

/* Begin PBXGroup section */
		18C7E6581E2B5F4C00F41532 = {
			isa = PBXGroup;
			children = (
				18C7E6631E2B5F4C00F41532 /* text */,
				18C7E67D1E2B5F4C00F41532 /* textTests */,
				18C7E6881E2B5F4C00F41532 /* textUITests */,
				18C7E6621E2B5F4C00F41532 /* Products */,
			);
			sourceTree = "<group>";
		};
		18C7E6621E2B5F4C00F41532 /* Products */ = {
			isa = PBXGroup;
			children = (
				18C7E6611E2B5F4C00F41532 /* text.app */,
				18C7E67A1E2B5F4C00F41532 /* textTests.xctest */,
				18C7E6851E2B5F4C00F41532 /* textUITests.xctest */,
			);
			name = Products;
			sourceTree = "<group>";
		};
		18C7E6631E2B5F4C00F41532 /* text */ = {
			isa = PBXGroup;
			children = (
				18C7E6671E2B5F4C00F41532 /* AppDelegate.h */,
				18C7E6681E2B5F4C00F41532 /* AppDelegate.m */,
				18C7E66A1E2B5F4C00F41532 /* ViewController.h */,
				18C7E66B1E2B5F4C00F41532 /* ViewController.m */,
				18C7E66D1E2B5F4C00F41532 /* Main.storyboard */,
				18C7E6701E2B5F4C00F41532 /* Assets.xcassets */,
				18C7E6721E2B5F4C00F41532 /* LaunchScreen.storyboard */,
				18C7E6751E2B5F4C00F41532 /* Info.plist */,
				18C7E6641E2B5F4C00F41532 /* Supporting Files */,
			);
			path = text;
			sourceTree = "<group>";
		};
		18C7E6641E2B5F4C00F41532 /* Supporting Files */ = {
			isa = PBXGroup;
			children = (
				18C7E6651E2B5F4C00F41532 /* main.m */,
			);
			name = "Supporting Files";
			sourceTree = "<group>";
		};
		18C7E67D1E2B5F4C00F41532 /* textTests */ = {
			isa = PBXGroup;
			children = (
				18C7E67E1E2B5F4C00F41532 /* textTests.m */,
				18C7E6801E2B5F4C00F41532 /* Info.plist */,
			);
			path = textTests;
			sourceTree = "<group>";
		};
		18C7E6881E2B5F4C00F41532 /* textUITests */ = {
			isa = PBXGroup;
			children = (
				18C7E6891E2B5F4C00F41532 /* textUITests.m */,
				18C7E68B1E2B5F4C00F41532 /* Info.plist */,
			);
			path = textUITests;
			sourceTree = "<group>";
		};
/* End PBXGroup section */

/* Begin PBXNativeTarget section */
		18C7E6601E2B5F4C00F41532 /* text */ = {
			isa = PBXNativeTarget;
			buildConfigurationList = 18C7E68E1E2B5F4C00F41532 /* Build configuration list for PBXNativeTarget "text" */;
			buildPhases = (
				18C7E65D1E2B5F4C00F41532 /* Sources */,
				18C7E65E1E2B5F4C00F41532 /* Frameworks */,
				18C7E65F1E2B5F4C00F41532 /* Resources */,
			);
			buildRules = (
			);
			dependencies = (
			);
			name = text;
			productName = text;
			productReference = 18C7E6611E2B5F4C00F41532 /* text.app */;
			productType = "com.apple.product-type.application";
		};
		18C7E6791E2B5F4C00F41532 /* textTests */ = {
			isa = PBXNativeTarget;
			buildConfigurationList = 18C7E6911E2B5F4C00F41532 /* Build configuration list for PBXNativeTarget "textTests" */;
			buildPhases = (
				18C7E6761E2B5F4C00F41532 /* Sources */,
				18C7E6771E2B5F4C00F41532 /* Frameworks */,
				18C7E6781E2B5F4C00F41532 /* Resources */,
			);
			buildRules = (
			);
			dependencies = (
				18C7E67C1E2B5F4C00F41532 /* PBXTargetDependency */,
			);
			name = textTests;
			productName = textTests;
			productReference = 18C7E67A1E2B5F4C00F41532 /* textTests.xctest */;
			productType = "com.apple.product-type.bundle.unit-test";
		};
		18C7E6841E2B5F4C00F41532 /* textUITests */ = {
			isa = PBXNativeTarget;
			buildConfigurationList = 18C7E6941E2B5F4C00F41532 /* Build configuration list for PBXNativeTarget "textUITests" */;
			buildPhases = (
				18C7E6811E2B5F4C00F41532 /* Sources */,
				18C7E6821E2B5F4C00F41532 /* Frameworks */,
				18C7E6831E2B5F4C00F41532 /* Resources */,
			);
			buildRules = (
			);
			dependencies = (
				18C7E6871E2B5F4C00F41532 /* PBXTargetDependency */,
			);
			name = textUITests;
			productName = textUITests;
			productReference = 18C7E6851E2B5F4C00F41532 /* textUITests.xctest */;
			productType = "com.apple.product-type.bundle.ui-testing";
		};
/* End PBXNativeTarget section */

/* Begin PBXProject section */
		18C7E6591E2B5F4C00F41532 /* Project object */ = {
			isa = PBXProject;
			attributes = {
				LastUpgradeCheck = 0710;
				ORGANIZATIONNAME = apple;
				TargetAttributes = {
					18C7E6601E2B5F4C00F41532 = {
						CreatedOnToolsVersion = 7.1;
						DevelopmentTeam = 4JB3NE63QE;
					};
					18C7E6791E2B5F4C00F41532 = {
						CreatedOnToolsVersion = 7.1;
						DevelopmentTeam = 4JB3NE63QE;
						TestTargetID = 18C7E6601E2B5F4C00F41532;
					};
					18C7E6841E2B5F4C00F41532 = {
						CreatedOnToolsVersion = 7.1;
						DevelopmentTeam = 4JB3NE63QE;
						TestTargetID = 18C7E6601E2B5F4C00F41532;
					};
				};
			};
			buildConfigurationList = 18C7E65C1E2B5F4C00F41532 /* Build configuration list for PBXProject "text" */;
			compatibilityVersion = "Xcode 3.2";
			developmentRegion = English;
			hasScannedForEncodings = 0;
			knownRegions = (
				en,
				Base,
			);
			mainGroup = 18C7E6581E2B5F4C00F41532;
			productRefGroup = 18C7E6621E2B5F4C00F41532 /* Products */;
			projectDirPath = "";
			projectRoot = "";
			targets = (
				18C7E6601E2B5F4C00F41532 /* text */,
				18C7E6791E2B5F4C00F41532 /* textTests */,
				18C7E6841E2B5F4C00F41532 /* textUITests */,
			);
		};
/* End PBXProject section */

/* Begin PBXResourcesBuildPhase section */
		18C7E65F1E2B5F4C00F41532 /* Resources */ = {
			isa = PBXResourcesBuildPhase;
			buildActionMask = 2147483647;
			files = (
				18C7E6741E2B5F4C00F41532 /* LaunchScreen.storyboard in Resources */,
				18C7E6711E2B5F4C00F41532 /* Assets.xcassets in Resources */,
				18C7E66F1E2B5F4C00F41532 /* Main.storyboard in Resources */,
			);
			runOnlyForDeploymentPostprocessing = 0;
		};
		18C7E6781E2B5F4C00F41532 /* Resources */ = {
			isa = PBXResourcesBuildPhase;
			buildActionMask = 2147483647;
			files = (
			);
			runOnlyForDeploymentPostprocessing = 0;
		};
		18C7E6831E2B5F4C00F41532 /* Resources */ = {
			isa = PBXResourcesBuildPhase;
			buildActionMask = 2147483647;
			files = (
			);
			runOnlyForDeploymentPostprocessing = 0;
		};
/* End PBXResourcesBuildPhase section */

/* Begin PBXSourcesBuildPhase section */
		18C7E65D1E2B5F4C00F41532 /* Sources */ = {
			isa = PBXSourcesBuildPhase;
			buildActionMask = 2147483647;
			files = (
				18C7E66C1E2B5F4C00F41532 /* ViewController.m in Sources */,
				18C7E6691E2B5F4C00F41532 /* AppDelegate.m in Sources */,
				18C7E6661E2B5F4C00F41532 /* main.m in Sources */,
			);
			runOnlyForDeploymentPostprocessing = 0;
		};
		18C7E6761E2B5F4C00F41532 /* Sources */ = {
			isa = PBXSourcesBuildPhase;
			buildActionMask = 2147483647;
			files = (
				18C7E67F1E2B5F4C00F41532 /* textTests.m in Sources */,
			);
			runOnlyForDeploymentPostprocessing = 0;
		};
		18C7E6811E2B5F4C00F41532 /* Sources */ = {
			isa = PBXSourcesBuildPhase;
			buildActionMask = 2147483647;
			files = (
				18C7E68A1E2B5F4C00F41532 /* textUITests.m in Sources */,
			);
			runOnlyForDeploymentPostprocessing = 0;
		};
/* End PBXSourcesBuildPhase section */

/* Begin PBXTargetDependency section */
		18C7E67C1E2B5F4C00F41532 /* PBXTargetDependency */ = {
			isa = PBXTargetDependency;
			target = 18C7E6601E2B5F4C00F41532 /* text */;
			targetProxy = 18C7E67B1E2B5F4C00F41532 /* PBXContainerItemProxy */;
		};
		18C7E6871E2B5F4C00F41532 /* PBXTargetDependency */ = {
			isa = PBXTargetDependency;
			target = 18C7E6601E2B5F4C00F41532 /* text */;
			targetProxy = 18C7E6861E2B5F4C00F41532 /* PBXContainerItemProxy */;
		};
/* End PBXTargetDependency section */

/* Begin PBXVariantGroup section */
		18C7E66D1E2B5F4C00F41532 /* Main.storyboard */ = {
			isa = PBXVariantGroup;
			children = (
				18C7E66E1E2B5F4C00F41532 /* Base */,
			);
			name = Main.storyboard;
			sourceTree = "<group>";
		};
		18C7E6721E2B5F4C00F41532 /* LaunchScreen.storyboard */ = {
			isa = PBXVariantGroup;
			children = (
				18C7E6731E2B5F4C00F41532 /* Base */,
			);
			name = LaunchScreen.storyboard;
			sourceTree = "<group>";
		};
/* End PBXVariantGroup section */

/* Begin XCBuildConfiguration section */
		18C7E68C1E2B5F4C00F41532 /* Debug */ = {
			isa = XCBuildConfiguration;
			buildSettings = {
				ALWAYS_SEARCH_USER_PATHS = NO;
				CLANG_CXX_LANGUAGE_STANDARD = "gnu++0x";
				CLANG_CXX_LIBRARY = "libc++";
				CLANG_ENABLE_MODULES = YES;
				CLANG_ENABLE_OBJC_ARC = YES;
				CLANG_WARN_BOOL_CONVERSION = YES;
				CLANG_WARN_CONSTANT_CONVERSION = YES;
				CLANG_WARN_DIRECT_OBJC_ISA_USAGE = YES_ERROR;
				CLANG_WARN_EMPTY_BODY = YES;
				CLANG_WARN_ENUM_CONVERSION = YES;
				CLANG_WARN_INT_CONVERSION = YES;
				CLANG_WARN_OBJC_ROOT_CLASS = YES_ERROR;
				CLANG_WARN_UNREACHABLE_CODE = YES;
				CLANG_WARN__DUPLICATE_METHOD_MATCH = YES;
				"CODE_SIGN_IDENTITY[sdk=iphoneos*]" = "iPhone Developer";
				COPY_PHASE_STRIP = NO;
				DEBUG_INFORMATION_FORMAT = dwarf;
				ENABLE_STRICT_OBJC_MSGSEND = YES;
				ENABLE_TESTABILITY = YES;
				GCC_C_LANGUAGE_STANDARD = gnu99;
				GCC_DYNAMIC_NO_PIC = NO;
				GCC_NO_COMMON_BLOCKS = YES;
				GCC_OPTIMIZATION_LEVEL = 0;
				GCC_PREPROCESSOR_DEFINITIONS = (
					"DEBUG=1",
					"$(inherited)",
				);
				GCC_WARN_64_TO_32_BIT_CONVERSION = YES;
				GCC_WARN_ABOUT_RETURN_TYPE = YES_ERROR;
				GCC_WARN_UNDECLARED_SELECTOR = YES;
				GCC_WARN_UNINITIALIZED_AUTOS = YES_AGGRESSIVE;
				GCC_WARN_UNUSED_FUNCTION = YES;
				GCC_WARN_UNUSED_VARIABLE = YES;
				IPHONEOS_DEPLOYMENT_TARGET = 9.1;
				MTL_ENABLE_DEBUG_INFO = YES;
				ONLY_ACTIVE_ARCH = YES;
				SDKROOT = iphoneos;
				TARGETED_DEVICE_FAMILY = "1,2";
			};
			name = Debug;
		};
		18C7E68D1E2B5F4C00F41532 /* Release */ = {
			isa = XCBuildConfiguration;
			buildSettings = {
				ALWAYS_SEARCH_USER_PATHS = NO;
				CLANG_CXX_LANGUAGE_STANDARD = "gnu++0x";
				CLANG_CXX_LIBRARY = "libc++";
				CLANG_ENABLE_MODULES = YES;
				CLANG_ENABLE_OBJC_ARC = YES;
				CLANG_WARN_BOOL_CONVERSION = YES;
				CLANG_WARN_CONSTANT_CONVERSION = YES;
				CLANG_WARN_DIRECT_OBJC_ISA_USAGE = YES_ERROR;
				CLANG_WARN_EMPTY_BODY = YES;
				CLANG_WARN_ENUM_CONVERSION = YES;
				CLANG_WARN_INT_CONVERSION = YES;
				CLANG_WARN_OBJC_ROOT_CLASS = YES_ERROR;
				CLANG_WARN_UNREACHABLE_CODE = YES;
				CLANG_WARN__DUPLICATE_METHOD_MATCH = YES;
				"CODE_SIGN_IDENTITY[sdk=iphoneos*]" = "iPhone Developer";
				COPY_PHASE_STRIP = NO;
				DEBUG_INFORMATION_FORMAT = "dwarf-with-dsym";
				ENABLE_NS_ASSERTIONS = NO;
				ENABLE_STRICT_OBJC_MSGSEND = YES;
				GCC_C_LANGUAGE_STANDARD = gnu99;
				GCC_NO_COMMON_BLOCKS = YES;
				GCC_WARN_64_TO_32_BIT_CONVERSION = YES;
				GCC_WARN_ABOUT_RETURN_TYPE = YES_ERROR;
				GCC_WARN_UNDECLARED_SELECTOR = YES;
				GCC_WARN_UNINITIALIZED_AUTOS = YES_AGGRESSIVE;
				GCC_WARN_UNUSED_FUNCTION = YES;
				GCC_WARN_UNUSED_VARIABLE = YES;
				IPHONEOS_DEPLOYMENT_TARGET = 9.1;
				MTL_ENABLE_DEBUG_INFO = NO;
				SDKROOT = iphoneos;
				TARGETED_DEVICE_FAMILY = "1,2";
				VALIDATE_PRODUCT = YES;
			};
			name = Release;
		};
		18C7E68F1E2B5F4C00F41532 /* Debug */ = {
			isa = XCBuildConfiguration;
			buildSettings = {
				ASSETCATALOG_COMPILER_APPICON_NAME = AppIcon;
				INFOPLIST_FILE = text/Info.plist;
				LD_RUNPATH_SEARCH_PATHS = "$(inherited) @executable_path/Frameworks";
				PRODUCT_BUNDLE_IDENTIFIER = king.text;
				PRODUCT_NAME = "$(TARGET_NAME)";
			};
			name = Debug;
		};
		18C7E6901E2B5F4C00F41532 /* Release */ = {
			isa = XCBuildConfiguration;
			buildSettings = {
				ASSETCATALOG_COMPILER_APPICON_NAME = AppIcon;
				INFOPLIST_FILE = text/Info.plist;
				LD_RUNPATH_SEARCH_PATHS = "$(inherited) @executable_path/Frameworks";
				PRODUCT_BUNDLE_IDENTIFIER = king.text;
				PRODUCT_NAME = "$(TARGET_NAME)";
			};
			name = Release;
		};
		18C7E6921E2B5F4C00F41532 /* Debug */ = {
			isa = XCBuildConfiguration;
			buildSettings = {
				BUNDLE_LOADER = "$(TEST_HOST)";
				INFOPLIST_FILE = textTests/Info.plist;
				LD_RUNPATH_SEARCH_PATHS = "$(inherited) @executable_path/Frameworks @loader_path/Frameworks";
				PRODUCT_BUNDLE_IDENTIFIER = king.textTests;
				PRODUCT_NAME = "$(TARGET_NAME)";
				TEST_HOST = "$(BUILT_PRODUCTS_DIR)/text.app/text";
			};
			name = Debug;
		};
		18C7E6931E2B5F4C00F41532 /* Release */ = {
			isa = XCBuildConfiguration;
			buildSettings = {
				BUNDLE_LOADER = "$(TEST_HOST)";
				INFOPLIST_FILE = textTests/Info.plist;
				LD_RUNPATH_SEARCH_PATHS = "$(inherited) @executable_path/Frameworks @loader_path/Frameworks";
				PRODUCT_BUNDLE_IDENTIFIER = king.textTests;
				PRODUCT_NAME = "$(TARGET_NAME)";
				TEST_HOST = "$(BUILT_PRODUCTS_DIR)/text.app/text";
			};
			name = Release;
		};
		18C7E6951E2B5F4C00F41532 /* Debug */ = {
			isa = XCBuildConfiguration;
			buildSettings = {
				INFOPLIST_FILE = textUITests/Info.plist;
				LD_RUNPATH_SEARCH_PATHS = "$(inherited) @executable_path/Frameworks @loader_path/Frameworks";
				PRODUCT_BUNDLE_IDENTIFIER = king.textUITests;
				PRODUCT_NAME = "$(TARGET_NAME)";
				TEST_TARGET_NAME = text;
				USES_XCTRUNNER = YES;
			};
			name = Debug;
		};
		18C7E6961E2B5F4C00F41532 /* Release */ = {
			isa = XCBuildConfiguration;
			buildSettings = {
				INFOPLIST_FILE = textUITests/Info.plist;
				LD_RUNPATH_SEARCH_PATHS = "$(inherited) @executable_path/Frameworks @loader_path/Frameworks";
				PRODUCT_BUNDLE_IDENTIFIER = king.textUITests;
				PRODUCT_NAME = "$(TARGET_NAME)";
				TEST_TARGET_NAME = text;
				USES_XCTRUNNER = YES;
			};
			name = Release;
		};
/* End XCBuildConfiguration section */

/* Begin XCConfigurationList section */
		18C7E65C1E2B5F4C00F41532 /* Build configuration list for PBXProject "text" */ = {
			isa = XCConfigurationList;
			buildConfigurations = (
				18C7E68C1E2B5F4C00F41532 /* Debug */,
				18C7E68D1E2B5F4C00F41532 /* Release */,
			);
			defaultConfigurationIsVisible = 0;
			defaultConfigurationName = Release;
		};
		18C7E68E1E2B5F4C00F41532 /* Build configuration list for PBXNativeTarget "text" */ = {
			isa = XCConfigurationList;
			buildConfigurations = (
				18C7E68F1E2B5F4C00F41532 /* Debug */,
				18C7E6901E2B5F4C00F41532 /* Release */,
			);
			defaultConfigurationIsVisible = 0;
		};
		18C7E6911E2B5F4C00F41532 /* Build configuration list for PBXNativeTarget "textTests" */ = {
			isa = XCConfigurationList;
			buildConfigurations = (
				18C7E6921E2B5F4C00F41532 /* Debug */,
				18C7E6931E2B5F4C00F41532 /* Release */,
			);
			defaultConfigurationIsVisible = 0;
		};
		18C7E6941E2B5F4C00F41532 /* Build configuration list for PBXNativeTarget "textUITests" */ = {
			isa = XCConfigurationList;
			buildConfigurations = (
				18C7E6951E2B5F4C00F41532 /* Debug */,
				18C7E6961E2B5F4C00F41532 /* Release */,
			);
			defaultConfigurationIsVisible = 0;
		};
/* End XCConfigurationList section */
	};
	rootObject = 18C7E6591E2B5F4C00F41532 /* Project object */;
}
